
Microsoft Visual Studio Solution File, Format Version 12.00
# Visual Studio Version 17
VisualStudioVersion = 17.6.33815.320
MinimumVisualStudioVersion = 10.0.40219.1
Project("{9A19103F-16F7-4668-BE54-9A1E7A4F7556}") = "BrcCustomCharactersAPI", "BrcCustomCharactersAPI.csproj", "{9482B8A9-7B0F-492C-A402-2748A2FFF919}"
EndProject
Global
	GlobalSection(SolutionConfigurationPlatforms) = preSolution
		Debug|Any CPU = Debug|Any CPU
		Release|Any CPU = Release|Any CPU
	EndGlobalSection
	GlobalSection(ProjectConfigurationPlatforms) = postSolution
		{9482B8A9-7B0F-492C-A402-2748A2FFF919}.Debug|Any CPU.ActiveCfg = Debug|Any CPU
		{9482B8A9-7B0F-492C-A402-2748A2FFF919}.Debug|Any CPU.Build.0 = Debug|Any CPU
		{9482B8A9-7B0F-492C-A402-2748A2FFF919}.Release|Any CPU.ActiveCfg = Release|Any CPU
		{9482B8A9-7B0F-492C-A402-2748A2FFF919}.Release|Any CPU.Build.0 = Release|Any CPU
	EndGlobalSection
	GlobalSection(SolutionProperties) = preSolution
		HideSolutionNode = FALSE
	EndGlobalSection
	GlobalSection(ExtensibilityGlobals) = postSolution
		SolutionGuid = {459C0ECB-A3FA-4797-AA7E-C474ADB82EF5}
	EndGlobalSection
EndGlobal
